
Microsoft Visual Studio Solution File, Format Version 12.00
# Visual Studio 15
VisualStudioVersion = 15.0.28307.421
MinimumVisualStudioVersion = 10.0.40219.1
Project("{FAE04EC0-301F-11D3-BF4B-00C04F79EFBC}") = "CityTaxes", "CityTaxes\CityTaxes.csproj", "{44312D67-B6C1-4D62-8253-144163B6B90C}"
EndProject
Project("{FAE04EC0-301F-11D3-BF4B-00C04F79EFBC}") = "CityTaxesClient", "CityTaxesClient\CityTaxesClient.csproj", "{848E3741-1719-4606-86F1-50477D875D31}"
EndProject
Global
	GlobalSection(SolutionConfigurationPlatforms) = preSolution
		Debug|Any CPU = Debug|Any CPU
		Release|Any CPU = Release|Any CPU
	EndGlobalSection
	GlobalSection(ProjectConfigurationPlatforms) = postSolution
		{44312D67-B6C1-4D62-8253-144163B6B90C}.Debug|Any CPU.ActiveCfg = Debug|Any CPU
		{44312D67-B6C1-4D62-8253-144163B6B90C}.Debug|Any CPU.Build.0 = Debug|Any CPU
		{44312D67-B6C1-4D62-8253-144163B6B90C}.Release|Any CPU.ActiveCfg = Release|Any CPU
		{44312D67-B6C1-4D62-8253-144163B6B90C}.Release|Any CPU.Build.0 = Release|Any CPU
		{848E3741-1719-4606-86F1-50477D875D31}.Debug|Any CPU.ActiveCfg = Debug|Any CPU
		{848E3741-1719-4606-86F1-50477D875D31}.Debug|Any CPU.Build.0 = Debug|Any CPU
		{848E3741-1719-4606-86F1-50477D875D31}.Release|Any CPU.ActiveCfg = Release|Any CPU
		{848E3741-1719-4606-86F1-50477D875D31}.Release|Any CPU.Build.0 = Release|Any CPU
	EndGlobalSection
	GlobalSection(SolutionProperties) = preSolution
		HideSolutionNode = FALSE
	EndGlobalSection
	GlobalSection(ExtensibilityGlobals) = postSolution
		SolutionGuid = {78D26DEC-D93A-4775-B853-ABBA81E09103}
	EndGlobalSection
EndGlobal
